{
  "name": "wlearn",
  "lockfileVersion": 3,
  "requires": true,
  "packages": {
    "": {
      "workspaces": [
        "packages/*"
      ]
    },
    "node_modules/@wlearn/automl": {
      "resolved": "packages/automl",
      "link": true
    },
    "node_modules/@wlearn/core": {
      "resolved": "packages/core",
      "link": true
    },
    "node_modules/@wlearn/ebm": {
      "version": "0.1.0",
      "resolved": "https://registry.npmjs.org/@wlearn/ebm/-/ebm-0.1.0.tgz",
      "integrity": "sha512-IoxXfOEm6O6DlBt0g4IoxqhpSkbgsN/lSrs7n7VApu1bERtvgKJdedU8BhIzWAB3y0EeEuq671fkMlQLPg2UuA==",
      "dependencies": {
        "@wlearn/core": "0.1.0",
        "@wlearn/types": "0.1.0"
      }
    },
    "node_modules/@wlearn/ensemble": {
      "resolved": "packages/ensemble",
      "link": true
    },
    "node_modules/@wlearn/liblinear": {
      "version": "0.1.0",
      "resolved": "https://registry.npmjs.org/@wlearn/liblinear/-/liblinear-0.1.0.tgz",
      "integrity": "sha512-wxXD1Z3wYuikeBv6xK8xa2T+GXVsQt1x841LvXhRVGjkUcKXPb8YuOXPJxl0Hin2EIY7F5VTgtfxk9JGR1gbag==",
      "dependencies": {
        "@wlearn/core": "0.1.0",
        "@wlearn/types": "0.1.0"
      }
    },
    "node_modules/@wlearn/libsvm": {
      "version": "0.1.0",
      "resolved": "https://registry.npmjs.org/@wlearn/libsvm/-/libsvm-0.1.0.tgz",
      "integrity": "sha512-rCi3oVTVtzarxrs2ASdEr0q3u4YzFEpkDixd0z0NvlYZSgBWijiOrNal8vGC5NLp7Lz/sNNUsDHkkhWCzH4m3Q==",
      "dependencies": {
        "@wlearn/core": "0.1.0",
        "@wlearn/types": "0.1.0"
      }
    },
    "node_modules/@wlearn/lightgbm": {
      "version": "0.1.0",
      "resolved": "https://registry.npmjs.org/@wlearn/lightgbm/-/lightgbm-0.1.0.tgz",
      "integrity": "sha512-ttBHYyxO94juoQhr9Lt7Ah0UcSH+1DP/FFbHXnBQBPcpG8JCohgIfM3RAP3wpoStgWRfBzwrU0YVuE4CVLVK9Q==",
      "dependencies": {
        "@wlearn/core": "0.1.0",
        "@wlearn/types": "0.1.0"
      }
    },
    "node_modules/@wlearn/nanoflann": {
      "version": "0.1.0",
      "resolved": "https://registry.npmjs.org/@wlearn/nanoflann/-/nanoflann-0.1.0.tgz",
      "integrity": "sha512-ZLEWVbFVJwXo7ohm19XwEYbcnd5tiemh/0goCJk8jz7qn8PP0bHUO7hcej/lSi31H2Tm5n8GCJBcIPjzfobisw==",
      "dependencies": {
        "@wlearn/core": "0.1.0",
        "@wlearn/types": "0.1.0"
      }
    },
    "node_modules/@wlearn/nn": {
      "resolved": "packages/nn",
      "link": true
    },
    "node_modules/@wlearn/sdk": {
      "resolved": "packages/sdk",
      "link": true
    },
    "node_modules/@wlearn/stochtree": {
      "version": "0.1.0",
      "resolved": "https://registry.npmjs.org/@wlearn/stochtree/-/stochtree-0.1.0.tgz",
      "integrity": "sha512-b2+BC+gREl9vc1/ABjr83zP0BzXOLZVV8cQVbnK72bzSVkIEgGWhIuor2fgRVJ6GJjxRFdTiyFB0dn6o4FH/rw==",
      "dependencies": {
        "@wlearn/core": "0.1.0",
        "@wlearn/types": "0.1.0"
      }
    },
    "node_modules/@wlearn/tsetlin": {
      "version": "0.1.0",
      "resolved": "https://registry.npmjs.org/@wlearn/tsetlin/-/tsetlin-0.1.0.tgz",
      "integrity": "sha512-UzbBuSglCIZa1ZJR0VrFN7hcA0OJXj4PnwakqsB2qt9osIXm1XJC/CX/LMbRC2mfFh+zM67fuYsiAksCiCZaCQ==",
      "dependencies": {
        "@wlearn/core": "0.1.0",
        "@wlearn/types": "0.1.0"
      }
    },
    "node_modules/@wlearn/types": {
      "resolved": "packages/types",
      "link": true
    },
    "node_modules/@wlearn/xgboost": {
      "version": "0.1.1",
      "resolved": "https://registry.npmjs.org/@wlearn/xgboost/-/xgboost-0.1.1.tgz",
      "integrity": "sha512-tf5AVvWOw1csOKlTdnR4LnP5ujE6zZn+yvty0oksBsFPPrGNd870WrWGErO+eSB/SWuNp6/h+i/3Sufp4nzd0A==",
      "dependencies": {
        "@wlearn/core": "0.1.0",
        "@wlearn/types": "0.1.0"
      }
    },
    "node_modules/@wlearn/xlearn": {
      "version": "0.1.0",
      "resolved": "https://registry.npmjs.org/@wlearn/xlearn/-/xlearn-0.1.0.tgz",
      "integrity": "sha512-zUEqHu6adista/7UHMkNDqr3SlYgZXCUZ00xVaNII1yPzVpcJwaavYxbv1E+dykQ5wvngnuOsoZwc13KAI+VeA==",
      "dependencies": {
        "@wlearn/core": "0.1.0",
        "@wlearn/types": "0.1.0"
      }
    },
    "node_modules/polygrad": {
      "version": "0.0.1",
      "resolved": "https://registry.npmjs.org/polygrad/-/polygrad-0.0.1.tgz",
      "integrity": "sha512-H+TLSxldzZ8rL31N68aFAK419crzuYSSwd5gBl8Qq8sZ4l2bHywhTZz+dyzMe3SenY/zT/GiVI37ESW3tb7M5g==",
      "license": "MIT",
      "peer": true
    },
    "packages/automl": {
      "name": "@wlearn/automl",
      "version": "0.1.0",
      "license": "MIT",
      "dependencies": {
        "@wlearn/core": "0.1.0",
        "@wlearn/ensemble": "0.1.0",
        "@wlearn/types": "0.1.0"
      }
    },
    "packages/core": {
      "name": "@wlearn/core",
      "version": "0.1.0",
      "license": "MIT",
      "dependencies": {
        "@wlearn/types": "0.1.0"
      }
    },
    "packages/ensemble": {
      "name": "@wlearn/ensemble",
      "version": "0.1.0",
      "license": "MIT",
      "dependencies": {
        "@wlearn/core": "0.1.0",
        "@wlearn/types": "0.1.0"
      }
    },
    "packages/nn": {
      "name": "@wlearn/nn",
      "version": "0.1.0",
      "license": "MIT",
      "dependencies": {
        "@wlearn/core": "0.1.0"
      },
      "peerDependencies": {
        "polygrad": ">=0.0.1"
      },
      "peerDependenciesMeta": {
        "polygrad": {
          "optional": false
        }
      }
    },
    "packages/sdk": {
      "name": "@wlearn/sdk",
      "version": "0.1.0",
      "license": "MIT",
      "dependencies": {
        "@wlearn/automl": "0.1.0",
        "@wlearn/core": "0.1.0",
        "@wlearn/ebm": "0.1.0",
        "@wlearn/ensemble": "0.1.0",
        "@wlearn/liblinear": "0.1.0",
        "@wlearn/libsvm": "0.1.0",
        "@wlearn/lightgbm": "0.1.0",
        "@wlearn/nanoflann": "0.1.0",
        "@wlearn/stochtree": "0.1.0",
        "@wlearn/tsetlin": "0.1.0",
        "@wlearn/xgboost": "0.1.1",
        "@wlearn/xlearn": "0.1.0"
      }
    },
    "packages/types": {
      "name": "@wlearn/types",
      "version": "0.1.0",
      "license": "MIT"
    }
  }
}
