{
  "name": "wlearn",
  "lockfileVersion": 3,
  "requires": true,
  "packages": {
    "": {
      "workspaces": [
        "packages/*"
      ],
      "dependencies": {
        "@wlearn/cluster": "file:../../../../../tmp/wlearn-packs/wlearn-cluster-0.1.0.tgz",
        "@wlearn/ebm": "file:../../../../../tmp/wlearn-packs/wlearn-ebm-0.1.0.tgz",
        "@wlearn/gam": "file:../../../../../tmp/wlearn-packs/wlearn-gam-0.1.0.tgz",
        "@wlearn/liblinear": "file:../../../../../tmp/wlearn-packs/wlearn-liblinear-0.1.0.tgz",
        "@wlearn/libsvm": "file:../../../../../tmp/wlearn-packs/wlearn-libsvm-0.1.0.tgz",
        "@wlearn/lightgbm": "file:../../../../../tmp/wlearn-packs/wlearn-lightgbm-0.1.0.tgz",
        "@wlearn/mitra": "file:../../../../../tmp/wlearn-packs/wlearn-mitra-0.1.0.tgz",
        "@wlearn/nanoflann": "file:../../../../../tmp/wlearn-packs/wlearn-nanoflann-0.1.0.tgz",
        "@wlearn/nn": "file:../../../../../tmp/wlearn-packs/wlearn-nn-0.1.0.tgz",
        "@wlearn/rf": "file:../../../../../tmp/wlearn-packs/wlearn-rf-0.1.0.tgz",
        "@wlearn/stochtree": "file:../../../../../tmp/wlearn-packs/wlearn-stochtree-0.1.0.tgz",
        "@wlearn/tsetlin": "file:../../../../../tmp/wlearn-packs/wlearn-tsetlin-0.1.0.tgz",
        "@wlearn/xgboost": "file:../../../../../tmp/wlearn-packs/wlearn-xgboost-0.1.1.tgz",
        "@wlearn/xlearn": "file:../../../../../tmp/wlearn-packs/wlearn-xlearn-0.1.0.tgz"
      }
    },
    "node_modules/@wlearn/automl": {
      "resolved": "packages/automl",
      "link": true
    },
    "node_modules/@wlearn/cluster": {
      "version": "0.1.0",
      "resolved": "file:../../../../../tmp/wlearn-packs/wlearn-cluster-0.1.0.tgz",
      "integrity": "sha512-85qA9SmKQ+C02G2Jva4vb+WhZKPJyjTvRA8kf2vUY6ffEyvX+CCuW/s/Zjk9hGbuSy5e4WC4EJcyFN9nDR/rKg==",
      "license": "Apache-2.0"
    },
    "node_modules/@wlearn/core": {
      "resolved": "packages/core",
      "link": true
    },
    "node_modules/@wlearn/ebm": {
      "version": "0.1.0",
      "resolved": "file:../../../../../tmp/wlearn-packs/wlearn-ebm-0.1.0.tgz",
      "integrity": "sha512-CK9I5UEQ21iUtOSD1pQ6JuGiusUXMc2y/WCsKRh7Pfy4IdMgGA5vFzFHxj4FIiTDAMPdGsqbadqaUw+3km0Q+Q==",
      "license": "MIT",
      "dependencies": {
        "@wlearn/core": "0.1.0",
        "@wlearn/types": "0.1.0"
      }
    },
    "node_modules/@wlearn/ensemble": {
      "resolved": "packages/ensemble",
      "link": true
    },
    "node_modules/@wlearn/gam": {
      "version": "0.1.0",
      "resolved": "file:../../../../../tmp/wlearn-packs/wlearn-gam-0.1.0.tgz",
      "integrity": "sha512-vnk6Oh09F0vnUFoz0ssB386UdCJRwLwf0j2zCb/0iRcrOSt9lYXduRxXat4MwwwQahp0SMcGVxJESq7BgImK5w==",
      "license": "Apache-2.0",
      "dependencies": {
        "@wlearn/core": "0.1.0",
        "@wlearn/types": "0.1.0"
      }
    },
    "node_modules/@wlearn/liblinear": {
      "version": "0.1.0",
      "resolved": "file:../../../../../tmp/wlearn-packs/wlearn-liblinear-0.1.0.tgz",
      "integrity": "sha512-eCuLfuQxblFS/6sAPsSiqiJeEVVlC22OuqtQXVQ/t+Iwj67H3UbsvQesuiZ0qd3PenjIZi53TAXBdcjHKI0Oaw==",
      "license": "BSD-3-Clause",
      "dependencies": {
        "@wlearn/core": "0.1.0",
        "@wlearn/types": "0.1.0"
      }
    },
    "node_modules/@wlearn/libsvm": {
      "version": "0.1.0",
      "resolved": "file:../../../../../tmp/wlearn-packs/wlearn-libsvm-0.1.0.tgz",
      "integrity": "sha512-sS51Jir/C+SJlGrAoPnrQUgYX/ZmsJZ3zHqQXLUL4RNbIgT3SVhMeMohiYxkKiTczD4KPk2yjgrais5gCLMQDg==",
      "license": "BSD-3-Clause",
      "dependencies": {
        "@wlearn/core": "0.1.0",
        "@wlearn/types": "0.1.0"
      }
    },
    "node_modules/@wlearn/lightgbm": {
      "version": "0.1.0",
      "resolved": "file:../../../../../tmp/wlearn-packs/wlearn-lightgbm-0.1.0.tgz",
      "integrity": "sha512-kpfrYkCo8BuQDaoHzSj08+jnTW24TDpUFkOU50gayf4AN7d+caIZ17v815aqF9NsjJ4OjIY7LDHaLKp5MoFoaA==",
      "license": "MIT",
      "dependencies": {
        "@wlearn/core": "0.1.0",
        "@wlearn/types": "0.1.0"
      }
    },
    "node_modules/@wlearn/mitra": {
      "version": "0.1.0",
      "resolved": "file:../../../../../tmp/wlearn-packs/wlearn-mitra-0.1.0.tgz",
      "integrity": "sha512-4hw9MWi01cf+kJlXPmYKFD9PmqPfHsEhSQ4CYwcGM8PmJ1rRqLLkGlAhVOtl+jilHrRKQR5Aja7j3XobIU188A==",
      "license": "Apache-2.0",
      "dependencies": {
        "@wlearn/core": "0.1.0",
        "@wlearn/types": "0.1.0"
      },
      "peerDependencies": {
        "onnxruntime-node": ">=1.16.0",
        "onnxruntime-web": ">=1.16.0"
      },
      "peerDependenciesMeta": {
        "onnxruntime-node": {
          "optional": true
        },
        "onnxruntime-web": {
          "optional": true
        }
      }
    },
    "node_modules/@wlearn/nanoflann": {
      "version": "0.1.0",
      "resolved": "file:../../../../../tmp/wlearn-packs/wlearn-nanoflann-0.1.0.tgz",
      "integrity": "sha512-6QY5BSZ9MxPo79pKquR9c2H+ejDrrKcz1RNBNPpVs7Ct+NvbUScB7YfoTCXoNhAENRU0fNor5ZqLWJvyJhTX5g==",
      "license": "BSD-2-Clause",
      "dependencies": {
        "@wlearn/core": "0.1.0",
        "@wlearn/types": "0.1.0"
      }
    },
    "node_modules/@wlearn/nn": {
      "version": "0.1.0",
      "resolved": "file:../../../../../tmp/wlearn-packs/wlearn-nn-0.1.0.tgz",
      "integrity": "sha512-TkE7Jw0Qj4qX3tQD9l3c9UZwb1v6SHsaLeLQCjjoEVwscTEt+T8+hy0f4ZuiwE5suInlYMHV9/EQyQfJssKGhQ==",
      "license": "Apache-2.0",
      "dependencies": {
        "@wlearn/core": "0.1.0"
      },
      "peerDependencies": {
        "polygrad": ">=0.0.1"
      },
      "peerDependenciesMeta": {
        "polygrad": {
          "optional": false
        }
      }
    },
    "node_modules/@wlearn/rf": {
      "version": "0.1.0",
      "resolved": "file:../../../../../tmp/wlearn-packs/wlearn-rf-0.1.0.tgz",
      "integrity": "sha512-VUSMFdhvgLUKlOS6lmV8rG8dAJZINuxwu+D8IVjbD6d1eFJvXqz2+WA4xjRCd+LJkaSccnLtI0dNl2og5mcU+g==",
      "license": "Apache-2.0",
      "dependencies": {
        "@wlearn/core": "0.1.0",
        "@wlearn/types": "0.1.0"
      }
    },
    "node_modules/@wlearn/sdk": {
      "resolved": "packages/sdk",
      "link": true
    },
    "node_modules/@wlearn/stochtree": {
      "version": "0.1.0",
      "resolved": "file:../../../../../tmp/wlearn-packs/wlearn-stochtree-0.1.0.tgz",
      "integrity": "sha512-R16IY/XYbIWuIxFgo/YIuS+yd0yCQN40Dnu5RGiMgqpMYIYgK50DgfkpB1M4JKFGdQ68efu/9cKeEg+uCuN8Uw==",
      "license": "MIT",
      "dependencies": {
        "@wlearn/core": "0.1.0",
        "@wlearn/types": "0.1.0"
      }
    },
    "node_modules/@wlearn/tsetlin": {
      "version": "0.1.0",
      "resolved": "file:../../../../../tmp/wlearn-packs/wlearn-tsetlin-0.1.0.tgz",
      "integrity": "sha512-1RR5G+zaku/OpZCCJPA5INPXGKEyMLKNzhX+UGcY5Zdp4evs7C04yZBBK3SwHkF6sW/nrOnFPbYCeZFhOmGgiQ==",
      "license": "MIT",
      "dependencies": {
        "@wlearn/core": "0.1.0",
        "@wlearn/types": "0.1.0"
      }
    },
    "node_modules/@wlearn/types": {
      "resolved": "packages/types",
      "link": true
    },
    "node_modules/@wlearn/xgboost": {
      "version": "0.1.1",
      "resolved": "file:../../../../../tmp/wlearn-packs/wlearn-xgboost-0.1.1.tgz",
      "integrity": "sha512-V1SalfRagQpUlt0rkR5UEbDLZJlrQHt+uTyu5nH1ddTzXYbblTmCasZxvUiobLmsqlFzcdzWJPLncFWBwd8zmA==",
      "license": "Apache-2.0",
      "dependencies": {
        "@wlearn/core": "0.1.0",
        "@wlearn/types": "0.1.0"
      }
    },
    "node_modules/@wlearn/xlearn": {
      "version": "0.1.0",
      "resolved": "file:../../../../../tmp/wlearn-packs/wlearn-xlearn-0.1.0.tgz",
      "integrity": "sha512-Eb8UiR5OMjJFrCM9ZB66ULtryqbIh3M2KFEzORK8dFPSdzP+M3Mkg7cgQkhm73joztLNkrzfYb7wRcYyPEWPAA==",
      "license": "Apache-2.0",
      "dependencies": {
        "@wlearn/core": "0.1.0",
        "@wlearn/types": "0.1.0"
      }
    },
    "node_modules/polygrad": {
      "version": "0.0.1",
      "resolved": "https://registry.npmjs.org/polygrad/-/polygrad-0.0.1.tgz",
      "integrity": "sha512-H+TLSxldzZ8rL31N68aFAK419crzuYSSwd5gBl8Qq8sZ4l2bHywhTZz+dyzMe3SenY/zT/GiVI37ESW3tb7M5g==",
      "license": "MIT",
      "peer": true
    },
    "packages/automl": {
      "name": "@wlearn/automl",
      "version": "0.1.0",
      "license": "Apache-2.0",
      "dependencies": {
        "@wlearn/core": "0.1.0",
        "@wlearn/ensemble": "0.1.0",
        "@wlearn/types": "0.1.0"
      }
    },
    "packages/core": {
      "name": "@wlearn/core",
      "version": "0.1.0",
      "license": "Apache-2.0",
      "dependencies": {
        "@wlearn/types": "0.1.0"
      }
    },
    "packages/ensemble": {
      "name": "@wlearn/ensemble",
      "version": "0.1.0",
      "license": "Apache-2.0",
      "dependencies": {
        "@wlearn/core": "0.1.0",
        "@wlearn/types": "0.1.0"
      }
    },
    "packages/sdk": {
      "name": "@wlearn/sdk",
      "version": "0.1.0",
      "license": "Apache-2.0",
      "dependencies": {
        "@wlearn/automl": "0.1.0",
        "@wlearn/cluster": "0.1.0",
        "@wlearn/core": "0.1.0",
        "@wlearn/ebm": "0.1.0",
        "@wlearn/ensemble": "0.1.0",
        "@wlearn/gam": "0.1.0",
        "@wlearn/liblinear": "0.1.0",
        "@wlearn/libsvm": "0.1.0",
        "@wlearn/lightgbm": "0.1.0",
        "@wlearn/nanoflann": "0.1.0",
        "@wlearn/nn": "0.1.0",
        "@wlearn/rf": "0.1.0",
        "@wlearn/stochtree": "0.1.0",
        "@wlearn/tsetlin": "0.1.0",
        "@wlearn/xgboost": "0.1.1",
        "@wlearn/xlearn": "0.1.0"
      },
      "peerDependencies": {
        "@wlearn/mitra": "0.1.0"
      },
      "peerDependenciesMeta": {
        "@wlearn/mitra": {
          "optional": true
        }
      }
    },
    "packages/types": {
      "name": "@wlearn/types",
      "version": "0.1.0",
      "license": "Apache-2.0"
    }
  }
}
